
Microsoft Visual Studio Solution File, Format Version 12.00
# Visual Studio Version 17
VisualStudioVersion = 17.0.31903.59
MinimumVisualStudioVersion = 10.0.40219.1
Project("{FAE04EC0-301F-11D3-BF4B-00C04F79EFBC}") = "MimoDigital.Domain", "MimoDigital.Domain\MimoDigital.Domain.csproj", "{8D3F605F-504E-4043-B058-9FFE9E33DD3B}"
EndProject
Project("{FAE04EC0-301F-11D3-BF4B-00C04F79EFBC}") = "MimoDigital.Application", "MimoDigital.Application\MimoDigital.Application.csproj", "{D571995F-CF1F-44B7-8863-DFEDB9297E45}"
EndProject
Project("{FAE04EC0-301F-11D3-BF4B-00C04F79EFBC}") = "MimoDigital.Infrastructure", "MimoDigital.Infrastructure\MimoDigital.Infrastructure.csproj", "{7F78E857-1FD5-4058-A605-6A618EFF48E5}"
EndProject
Project("{FAE04EC0-301F-11D3-BF4B-00C04F79EFBC}") = "MimoDigital.API", "MimoDigital.API\MimoDigital.API.csproj", "{C8D0E330-F436-4CD7-958B-F00C814CC2C6}"
EndProject
Global
	GlobalSection(SolutionConfigurationPlatforms) = preSolution
		Debug|Any CPU = Debug|Any CPU
		Debug|x64 = Debug|x64
		Debug|x86 = Debug|x86
		Release|Any CPU = Release|Any CPU
		Release|x64 = Release|x64
		Release|x86 = Release|x86
	EndGlobalSection
	GlobalSection(ProjectConfigurationPlatforms) = postSolution
		{8D3F605F-504E-4043-B058-9FFE9E33DD3B}.Debug|Any CPU.ActiveCfg = Debug|Any CPU
		{8D3F605F-504E-4043-B058-9FFE9E33DD3B}.Debug|Any CPU.Build.0 = Debug|Any CPU
		{8D3F605F-504E-4043-B058-9FFE9E33DD3B}.Debug|x64.ActiveCfg = Debug|Any CPU
		{8D3F605F-504E-4043-B058-9FFE9E33DD3B}.Debug|x64.Build.0 = Debug|Any CPU
		{8D3F605F-504E-4043-B058-9FFE9E33DD3B}.Debug|x86.ActiveCfg = Debug|Any CPU
		{8D3F605F-504E-4043-B058-9FFE9E33DD3B}.Debug|x86.Build.0 = Debug|Any CPU
		{8D3F605F-504E-4043-B058-9FFE9E33DD3B}.Release|Any CPU.ActiveCfg = Release|Any CPU
		{8D3F605F-504E-4043-B058-9FFE9E33DD3B}.Release|Any CPU.Build.0 = Release|Any CPU
		{8D3F605F-504E-4043-B058-9FFE9E33DD3B}.Release|x64.ActiveCfg = Release|Any CPU
		{8D3F605F-504E-4043-B058-9FFE9E33DD3B}.Release|x64.Build.0 = Release|Any CPU
		{8D3F605F-504E-4043-B058-9FFE9E33DD3B}.Release|x86.ActiveCfg = Release|Any CPU
		{8D3F605F-504E-4043-B058-9FFE9E33DD3B}.Release|x86.Build.0 = Release|Any CPU
		{D571995F-CF1F-44B7-8863-DFEDB9297E45}.Debug|Any CPU.ActiveCfg = Debug|Any CPU
		{D571995F-CF1F-44B7-8863-DFEDB9297E45}.Debug|Any CPU.Build.0 = Debug|Any CPU
		{D571995F-CF1F-44B7-8863-DFEDB9297E45}.Debug|x64.ActiveCfg = Debug|Any CPU
		{D571995F-CF1F-44B7-8863-DFEDB9297E45}.Debug|x64.Build.0 = Debug|Any CPU
		{D571995F-CF1F-44B7-8863-DFEDB9297E45}.Debug|x86.ActiveCfg = Debug|Any CPU
		{D571995F-CF1F-44B7-8863-DFEDB9297E45}.Debug|x86.Build.0 = Debug|Any CPU
		{D571995F-CF1F-44B7-8863-DFEDB9297E45}.Release|Any CPU.ActiveCfg = Release|Any CPU
		{D571995F-CF1F-44B7-8863-DFEDB9297E45}.Release|Any CPU.Build.0 = Release|Any CPU
		{D571995F-CF1F-44B7-8863-DFEDB9297E45}.Release|x64.ActiveCfg = Release|Any CPU
		{D571995F-CF1F-44B7-8863-DFEDB9297E45}.Release|x64.Build.0 = Release|Any CPU
		{D571995F-CF1F-44B7-8863-DFEDB9297E45}.Release|x86.ActiveCfg = Release|Any CPU
		{D571995F-CF1F-44B7-8863-DFEDB9297E45}.Release|x86.Build.0 = Release|Any CPU
		{7F78E857-1FD5-4058-A605-6A618EFF48E5}.Debug|Any CPU.ActiveCfg = Debug|Any CPU
		{7F78E857-1FD5-4058-A605-6A618EFF48E5}.Debug|Any CPU.Build.0 = Debug|Any CPU
		{7F78E857-1FD5-4058-A605-6A618EFF48E5}.Debug|x64.ActiveCfg = Debug|Any CPU
		{7F78E857-1FD5-4058-A605-6A618EFF48E5}.Debug|x64.Build.0 = Debug|Any CPU
		{7F78E857-1FD5-4058-A605-6A618EFF48E5}.Debug|x86.ActiveCfg = Debug|Any CPU
		{7F78E857-1FD5-4058-A605-6A618EFF48E5}.Debug|x86.Build.0 = Debug|Any CPU
		{7F78E857-1FD5-4058-A605-6A618EFF48E5}.Release|Any CPU.ActiveCfg = Release|Any CPU
		{7F78E857-1FD5-4058-A605-6A618EFF48E5}.Release|Any CPU.Build.0 = Release|Any CPU
		{7F78E857-1FD5-4058-A605-6A618EFF48E5}.Release|x64.ActiveCfg = Release|Any CPU
		{7F78E857-1FD5-4058-A605-6A618EFF48E5}.Release|x64.Build.0 = Release|Any CPU
		{7F78E857-1FD5-4058-A605-6A618EFF48E5}.Release|x86.ActiveCfg = Release|Any CPU
		{7F78E857-1FD5-4058-A605-6A618EFF48E5}.Release|x86.Build.0 = Release|Any CPU
		{C8D0E330-F436-4CD7-958B-F00C814CC2C6}.Debug|Any CPU.ActiveCfg = Debug|Any CPU
		{C8D0E330-F436-4CD7-958B-F00C814CC2C6}.Debug|Any CPU.Build.0 = Debug|Any CPU
		{C8D0E330-F436-4CD7-958B-F00C814CC2C6}.Debug|x64.ActiveCfg = Debug|Any CPU
		{C8D0E330-F436-4CD7-958B-F00C814CC2C6}.Debug|x64.Build.0 = Debug|Any CPU
		{C8D0E330-F436-4CD7-958B-F00C814CC2C6}.Debug|x86.ActiveCfg = Debug|Any CPU
		{C8D0E330-F436-4CD7-958B-F00C814CC2C6}.Debug|x86.Build.0 = Debug|Any CPU
		{C8D0E330-F436-4CD7-958B-F00C814CC2C6}.Release|Any CPU.ActiveCfg = Release|Any CPU
		{C8D0E330-F436-4CD7-958B-F00C814CC2C6}.Release|Any CPU.Build.0 = Release|Any CPU
		{C8D0E330-F436-4CD7-958B-F00C814CC2C6}.Release|x64.ActiveCfg = Release|Any CPU
		{C8D0E330-F436-4CD7-958B-F00C814CC2C6}.Release|x64.Build.0 = Release|Any CPU
		{C8D0E330-F436-4CD7-958B-F00C814CC2C6}.Release|x86.ActiveCfg = Release|Any CPU
		{C8D0E330-F436-4CD7-958B-F00C814CC2C6}.Release|x86.Build.0 = Release|Any CPU
	EndGlobalSection
	GlobalSection(SolutionProperties) = preSolution
		HideSolutionNode = FALSE
	EndGlobalSection
EndGlobal
